
Microsoft Visual Studio Solution File, Format Version 12.00
# Visual Studio Version 17
VisualStudioVersion = 17.0.31903.59
MinimumVisualStudioVersion = 10.0.40219.1
Project("{FAE04EC0-301F-11D3-BF4B-00C04F79EFBC}") = "CHIP8Emulator", "CHIP8Emulator\CHIP8Emulator.csproj", "{D1D63E16-BCF2-4E53-9DED-245462C753CA}"
EndProject
Project("{FAE04EC0-301F-11D3-BF4B-00C04F79EFBC}") = "WinForm", "WinForm\WinForm.csproj", "{7C9D8396-CCBD-43A6-9906-A0C2A21A4729}"
EndProject
Global
	GlobalSection(SolutionConfigurationPlatforms) = preSolution
		Debug|Any CPU = Debug|Any CPU
		Debug|x64 = Debug|x64
		Debug|x86 = Debug|x86
		Release|Any CPU = Release|Any CPU
		Release|x64 = Release|x64
		Release|x86 = Release|x86
	EndGlobalSection
	GlobalSection(ProjectConfigurationPlatforms) = postSolution
		{D1D63E16-BCF2-4E53-9DED-245462C753CA}.Debug|Any CPU.ActiveCfg = Debug|Any CPU
		{D1D63E16-BCF2-4E53-9DED-245462C753CA}.Debug|Any CPU.Build.0 = Debug|Any CPU
		{D1D63E16-BCF2-4E53-9DED-245462C753CA}.Debug|x64.ActiveCfg = Debug|Any CPU
		{D1D63E16-BCF2-4E53-9DED-245462C753CA}.Debug|x64.Build.0 = Debug|Any CPU
		{D1D63E16-BCF2-4E53-9DED-245462C753CA}.Debug|x86.ActiveCfg = Debug|Any CPU
		{D1D63E16-BCF2-4E53-9DED-245462C753CA}.Debug|x86.Build.0 = Debug|Any CPU
		{D1D63E16-BCF2-4E53-9DED-245462C753CA}.Release|Any CPU.ActiveCfg = Release|Any CPU
		{D1D63E16-BCF2-4E53-9DED-245462C753CA}.Release|Any CPU.Build.0 = Release|Any CPU
		{D1D63E16-BCF2-4E53-9DED-245462C753CA}.Release|x64.ActiveCfg = Release|Any CPU
		{D1D63E16-BCF2-4E53-9DED-245462C753CA}.Release|x64.Build.0 = Release|Any CPU
		{D1D63E16-BCF2-4E53-9DED-245462C753CA}.Release|x86.ActiveCfg = Release|Any CPU
		{D1D63E16-BCF2-4E53-9DED-245462C753CA}.Release|x86.Build.0 = Release|Any CPU
		{7C9D8396-CCBD-43A6-9906-A0C2A21A4729}.Debug|Any CPU.ActiveCfg = Debug|Any CPU
		{7C9D8396-CCBD-43A6-9906-A0C2A21A4729}.Debug|Any CPU.Build.0 = Debug|Any CPU
		{7C9D8396-CCBD-43A6-9906-A0C2A21A4729}.Debug|x64.ActiveCfg = Debug|Any CPU
		{7C9D8396-CCBD-43A6-9906-A0C2A21A4729}.Debug|x64.Build.0 = Debug|Any CPU
		{7C9D8396-CCBD-43A6-9906-A0C2A21A4729}.Debug|x86.ActiveCfg = Debug|Any CPU
		{7C9D8396-CCBD-43A6-9906-A0C2A21A4729}.Debug|x86.Build.0 = Debug|Any CPU
		{7C9D8396-CCBD-43A6-9906-A0C2A21A4729}.Release|Any CPU.ActiveCfg = Release|Any CPU
		{7C9D8396-CCBD-43A6-9906-A0C2A21A4729}.Release|Any CPU.Build.0 = Release|Any CPU
		{7C9D8396-CCBD-43A6-9906-A0C2A21A4729}.Release|x64.ActiveCfg = Release|Any CPU
		{7C9D8396-CCBD-43A6-9906-A0C2A21A4729}.Release|x64.Build.0 = Release|Any CPU
		{7C9D8396-CCBD-43A6-9906-A0C2A21A4729}.Release|x86.ActiveCfg = Release|Any CPU
		{7C9D8396-CCBD-43A6-9906-A0C2A21A4729}.Release|x86.Build.0 = Release|Any CPU
	EndGlobalSection
	GlobalSection(SolutionProperties) = preSolution
		HideSolutionNode = FALSE
	EndGlobalSection
EndGlobal
